// !$*UTF8*$!
{
	archiveVersion = 1;
	classes = {
	};
	objectVersion = 56;
	objects = {

/* Begin PBXBuildFile section */
		A1B2C3D4E5F6789A /* VoiceBoardApp.swift in Sources */ = {isa = PBXBuildFile; fileRef = A1B2C3D4E5F6789B /* VoiceBoardApp.swift */; };
		A1B2C3D4E5F6789C /* ContentView.swift in Sources */ = {isa = PBXBuildFile; fileRef = A1B2C3D4E5F6789D /* ContentView.swift */; };
		A1B2C3D4E5F6789E /* Assets.xcassets in Resources */ = {isa = PBXBuildFile; fileRef = A1B2C3D4E5F6789F /* Assets.xcassets */; };
		A1B2C3D4E5F67890 /* Preview Assets.xcassets in Resources */ = {isa = PBXBuildFile; fileRef = A1B2C3D4E5F67891 /* Preview Assets.xcassets */; };
		B2C3D4E5F6789012 /* KeyboardViewController.swift in Sources */ = {isa = PBXBuildFile; fileRef = B2C3D4E5F6789013 /* KeyboardViewController.swift */; };
		B2C3D4E5F6789014 /* VoiceBoardKeyboard.appex in Embed Foundation Extensions */ = {isa = PBXBuildFile; fileRef = B2C3D4E5F6789015 /* VoiceBoardKeyboard.appex */; settings = {ATTRIBUTES = (RemoveHeadersOnCopy, ); }; };
		C3D4E5F678901234 /* KeyboardView.swift in Sources */ = {isa = PBXBuildFile; fileRef = C3D4E5F678901235 /* KeyboardView.swift */; };
		D4E5F67890123456 /* AudioRecorderManager.swift in Sources */ = {isa = PBXBuildFile; fileRef = D4E5F67890123457 /* AudioRecorderManager.swift */; };
		E5F6789012345678 /* NetworkService.swift in Sources */ = {isa = PBXBuildFile; fileRef = E5F6789012345679 /* NetworkService.swift */; };
		F6789012345678AB /* TranscriptionModels.swift in Sources */ = {isa = PBXBuildFile; fileRef = F6789012345678AC /* TranscriptionModels.swift */; };
		0123456789ABCDEF /* WaveformView.swift in Sources */ = {isa = PBXBuildFile; fileRef = 0123456789ABCDE0 /* WaveformView.swift */; };
		123456789ABCDEF0 /* Configuration.swift in Sources */ = {isa = PBXBuildFile; fileRef = 123456789ABCDEF1 /* Configuration.swift */; };
/* End PBXBuildFile section */

/* Begin PBXContainerItemProxy section */
		B2C3D4E5F6789016 /* PBXContainerItemProxy */ = {
			isa = PBXContainerItemProxy;
			containerPortal = A1B2C3D4E5F67892 /* Project object */;
			proxyType = 1;
			remoteGlobalIDString = B2C3D4E5F6789017;
			remoteInfo = VoiceBoardKeyboard;
		};
/* End PBXContainerItemProxy section */

/* Begin PBXCopyFilesBuildPhase section */
		B2C3D4E5F6789018 /* Embed Foundation Extensions */ = {
			isa = PBXCopyFilesBuildPhase;
			buildActionMask = 2147483647;
			dstPath = "";
			dstSubfolderSpec = 13;
			files = (
				B2C3D4E5F6789014 /* VoiceBoardKeyboard.appex in Embed Foundation Extensions */,
			);
			name = "Embed Foundation Extensions";
			runOnlyForDeploymentPostprocessing = 0;
		};
/* End PBXCopyFilesBuildPhase section */

/* Begin PBXFileReference section */
		A1B2C3D4E5F67893 /* VoiceBoard.app */ = {isa = PBXFileReference; explicitFileType = wrapper.application; includeInIndex = 0; path = VoiceBoard.app; sourceTree = BUILT_PRODUCTS_DIR; };
		A1B2C3D4E5F6789B /* VoiceBoardApp.swift */ = {isa = PBXFileReference; lastKnownFileType = sourcecode.swift; path = VoiceBoardApp.swift; sourceTree = "<group>"; };
		A1B2C3D4E5F6789D /* ContentView.swift */ = {isa = PBXFileReference; lastKnownFileType = sourcecode.swift; path = ContentView.swift; sourceTree = "<group>"; };
		A1B2C3D4E5F6789F /* Assets.xcassets */ = {isa = PBXFileReference; lastKnownFileType = folder.assetcatalog; path = Assets.xcassets; sourceTree = "<group>"; };
		A1B2C3D4E5F67891 /* Preview Assets.xcassets */ = {isa = PBXFileReference; lastKnownFileType = folder.assetcatalog; path = "Preview Assets.xcassets"; sourceTree = "<group>"; };
		A1B2C3D4E5F67894 /* Info.plist */ = {isa = PBXFileReference; lastKnownFileType = text.plist.xml; path = Info.plist; sourceTree = "<group>"; };
		B2C3D4E5F6789015 /* VoiceBoardKeyboard.appex */ = {isa = PBXFileReference; explicitFileType = "wrapper.app-extension"; includeInIndex = 0; path = VoiceBoardKeyboard.appex; sourceTree = BUILT_PRODUCTS_DIR; };
		B2C3D4E5F6789013 /* KeyboardViewController.swift */ = {isa = PBXFileReference; lastKnownFileType = sourcecode.swift; path = KeyboardViewController.swift; sourceTree = "<group>"; };
		B2C3D4E5F6789019 /* Info.plist */ = {isa = PBXFileReference; lastKnownFileType = text.plist.xml; path = Info.plist; sourceTree = "<group>"; };
		C3D4E5F678901235 /* KeyboardView.swift */ = {isa = PBXFileReference; lastKnownFileType = sourcecode.swift; path = KeyboardView.swift; sourceTree = "<group>"; };
		D4E5F67890123457 /* AudioRecorderManager.swift */ = {isa = PBXFileReference; lastKnownFileType = sourcecode.swift; path = AudioRecorderManager.swift; sourceTree = "<group>"; };
		E5F6789012345679 /* NetworkService.swift */ = {isa = PBXFileReference; lastKnownFileType = sourcecode.swift; path = NetworkService.swift; sourceTree = "<group>"; };
		F6789012345678AC /* TranscriptionModels.swift */ = {isa = PBXFileReference; lastKnownFileType = sourcecode.swift; path = TranscriptionModels.swift; sourceTree = "<group>"; };
		0123456789ABCDE0 /* WaveformView.swift */ = {isa = PBXFileReference; lastKnownFileType = sourcecode.swift; path = WaveformView.swift; sourceTree = "<group>"; };
		123456789ABCDEF1 /* Configuration.swift */ = {isa = PBXFileReference; lastKnownFileType = sourcecode.swift; path = Configuration.swift; sourceTree = "<group>"; };
/* End PBXFileReference section */

/* Begin PBXFrameworksBuildPhase section */
		A1B2C3D4E5F67895 /* Frameworks */ = {
			isa = PBXFrameworksBuildPhase;
			buildActionMask = 2147483647;
			files = (
			);
			runOnlyForDeploymentPostprocessing = 0;
		};
		B2C3D4E5F678901A /* Frameworks */ = {
			isa = PBXFrameworksBuildPhase;
			buildActionMask = 2147483647;
			files = (
			);
			runOnlyForDeploymentPostprocessing = 0;
		};
/* End PBXFrameworksBuildPhase section */

/* Begin PBXGroup section */
		A1B2C3D4E5F67896 = {
			isa = PBXGroup;
			children = (
				A1B2C3D4E5F67897 /* VoiceBoard */,
				B2C3D4E5F678901B /* VoiceBoardKeyboard */,
				A1B2C3D4E5F67898 /* Products */,
			);
			sourceTree = "<group>";
		};
		A1B2C3D4E5F67897 /* VoiceBoard */ = {
			isa = PBXGroup;
			children = (
				A1B2C3D4E5F6789B /* VoiceBoardApp.swift */,
				A1B2C3D4E5F6789D /* ContentView.swift */,
				A1B2C3D4E5F6789F /* Assets.xcassets */,
				A1B2C3D4E5F67894 /* Info.plist */,
				A1B2C3D4E5F67899 /* Preview Content */,
			);
			path = VoiceBoard;
			sourceTree = "<group>";
		};
		A1B2C3D4E5F67898 /* Products */ = {
			isa = PBXGroup;
			children = (
				A1B2C3D4E5F67893 /* VoiceBoard.app */,
				B2C3D4E5F6789015 /* VoiceBoardKeyboard.appex */,
			);
			name = Products;
			sourceTree = "<group>";
		};
		A1B2C3D4E5F67899 /* Preview Content */ = {
			isa = PBXGroup;
			children = (
				A1B2C3D4E5F67891 /* Preview Assets.xcassets */,
			);
			path = "Preview Content";
			sourceTree = "<group>";
		};
		B2C3D4E5F678901B /* VoiceBoardKeyboard */ = {
			isa = PBXGroup;
			children = (
				B2C3D4E5F6789013 /* KeyboardViewController.swift */,
				123456789ABCDEF1 /* Configuration.swift */,
				B2C3D4E5F678901C /* Views */,
				B2C3D4E5F678901D /* Services */,
				B2C3D4E5F678901E /* Models */,
				B2C3D4E5F6789019 /* Info.plist */,
			);
			path = VoiceBoardKeyboard;
			sourceTree = "<group>";
		};
		B2C3D4E5F678901C /* Views */ = {
			isa = PBXGroup;
			children = (
				C3D4E5F678901235 /* KeyboardView.swift */,
				0123456789ABCDE0 /* WaveformView.swift */,
			);
			path = Views;
			sourceTree = "<group>";
		};
		B2C3D4E5F678901D /* Services */ = {
			isa = PBXGroup;
			children = (
				D4E5F67890123457 /* AudioRecorderManager.swift */,
				E5F6789012345679 /* NetworkService.swift */,
			);
			path = Services;
			sourceTree = "<group>";
		};
		B2C3D4E5F678901E /* Models */ = {
			isa = PBXGroup;
			children = (
				F6789012345678AC /* TranscriptionModels.swift */,
			);
			path = Models;
			sourceTree = "<group>";
		};
/* End PBXGroup section */

/* Begin PBXNativeTarget section */
		A1B2C3D4E5F6789A /* VoiceBoard */ = {
			isa = PBXNativeTarget;
			buildConfigurationList = A1B2C3D4E5F678A0 /* Build configuration list for PBXNativeTarget "VoiceBoard" */;
			buildPhases = (
				A1B2C3D4E5F67895 /* Frameworks */,
				A1B2C3D4E5F678A1 /* Sources */,
				A1B2C3D4E5F6789E /* Resources */,
				B2C3D4E5F6789018 /* Embed Foundation Extensions */,
			);
			buildRules = (
			);
			dependencies = (
				B2C3D4E5F6789016 /* PBXTargetDependency */,
			);
			name = VoiceBoard;
			productName = VoiceBoard;
			productReference = A1B2C3D4E5F67893 /* VoiceBoard.app */;
			productType = "com.apple.product-type.application";
		};
		B2C3D4E5F6789017 /* VoiceBoardKeyboard */ = {
			isa = PBXNativeTarget;
			buildConfigurationList = B2C3D4E5F678901F /* Build configuration list for PBXNativeTarget "VoiceBoardKeyboard" */;
			buildPhases = (
				B2C3D4E5F678901A /* Frameworks */,
				B2C3D4E5F6789020 /* Sources */,
				B2C3D4E5F6789021 /* Resources */,
			);
			buildRules = (
			);
			dependencies = (
			);
			name = VoiceBoardKeyboard;
			productName = VoiceBoardKeyboard;
			productReference = B2C3D4E5F6789015 /* VoiceBoardKeyboard.appex */;
			productType = "com.apple.product-type.app-extension";
		};
/* End PBXNativeTarget section */

/* Begin PBXProject section */
		A1B2C3D4E5F67892 /* Project object */ = {
			isa = PBXProject;
			attributes = {
				BuildIndependentTargetsInParallel = 1;
				LastSwiftUpdateCheck = 1500;
				LastUpgradeCheck = 1500;
				TargetAttributes = {
					A1B2C3D4E5F6789A = {
						CreatedOnToolsVersion = 15.0;
					};
					B2C3D4E5F6789017 = {
						CreatedOnToolsVersion = 15.0;
					};
				};
			};
			buildConfigurationList = A1B2C3D4E5F67896 /* Build configuration list for PBXProject "VoiceBoard" */;
			compatibilityVersion = "Xcode 14.0";
			developmentRegion = en;
			hasScannedForEncodings = 0;
			knownRegions = (
				en,
				Base,
			);
			mainGroup = A1B2C3D4E5F67896;
			productRefGroup = A1B2C3D4E5F67898 /* Products */;
			projectDirPath = "";
			projectRoot = "";
			targets = (
				A1B2C3D4E5F6789A /* VoiceBoard */,
				B2C3D4E5F6789017 /* VoiceBoardKeyboard */,
			);
		};
/* End PBXProject section */

/* Begin PBXResourcesBuildPhase section */
		A1B2C3D4E5F6789E /* Resources */ = {
			isa = PBXResourcesBuildPhase;
			buildActionMask = 2147483647;
			files = (
				A1B2C3D4E5F67890 /* Preview Assets.xcassets in Resources */,
				A1B2C3D4E5F6789E /* Assets.xcassets in Resources */,
			);
			runOnlyForDeploymentPostprocessing = 0;
		};
		B2C3D4E5F6789021 /* Resources */ = {
			isa = PBXResourcesBuildPhase;
			buildActionMask = 2147483647;
			files = (
			);
			runOnlyForDeploymentPostprocessing = 0;
		};
/* End PBXResourcesBuildPhase section */

/* Begin PBXSourcesBuildPhase section */
		A1B2C3D4E5F678A1 /* Sources */ = {
			isa = PBXSourcesBuildPhase;
			buildActionMask = 2147483647;
			files = (
				A1B2C3D4E5F6789C /* ContentView.swift in Sources */,
				A1B2C3D4E5F6789A /* VoiceBoardApp.swift in Sources */,
			);
			runOnlyForDeploymentPostprocessing = 0;
		};
		B2C3D4E5F6789020 /* Sources */ = {
			isa = PBXSourcesBuildPhase;
			buildActionMask = 2147483647;
			files = (
				B2C3D4E5F6789012 /* KeyboardViewController.swift in Sources */,
				C3D4E5F678901234 /* KeyboardView.swift in Sources */,
				D4E5F67890123456 /* AudioRecorderManager.swift in Sources */,
				E5F6789012345678 /* NetworkService.swift in Sources */,
				F6789012345678AB /* TranscriptionModels.swift in Sources */,
				0123456789ABCDEF /* WaveformView.swift in Sources */,
				123456789ABCDEF0 /* Configuration.swift in Sources */,
			);
			runOnlyForDeploymentPostprocessing = 0;
		};
/* End PBXSourcesBuildPhase section */

/* Begin PBXTargetDependency section */
		B2C3D4E5F6789016 /* PBXTargetDependency */ = {
			isa = PBXTargetDependency;
			target = B2C3D4E5F6789017 /* VoiceBoardKeyboard */;
			targetProxy = B2C3D4E5F6789016 /* PBXContainerItemProxy */;
		};
/* End PBXTargetDependency section */

/* Begin XCBuildConfiguration section */
		A1B2C3D4E5F678A2 /* Debug */ = {
			isa = XCBuildConfiguration;
			buildSettings = {
				ALWAYS_SEARCH_USER_PATHS = NO;
				CLANG_ANALYZER_NONNULL = YES;
				CLANG_ANALYZER_NUMBER_OBJECT_CONVERSION = YES_AGGRESSIVE;
				CLANG_CXX_LANGUAGE_STANDARD = "gnu++20";
				CLANG_ENABLE_MODULES = YES;
				CLANG_ENABLE_OBJC_ARC = YES;
				CLANG_ENABLE_OBJC_WEAK = YES;
				CLANG_WARN_BLOCK_CAPTURE_AUTORELEASING = YES;
				CLANG_WARN_BOOL_CONVERSION = YES;
				CLANG_WARN_COMMA = YES;
				CLANG_WARN_CONSTANT_CONVERSION = YES;
				CLANG_WARN_DEPRECATED_OBJC_IMPLEMENTATIONS = YES;
				CLANG_WARN_DIRECT_OBJC_ISA_USAGE = YES_ERROR;
				CLANG_WARN_DOCUMENTATION_COMMENTS = YES;
				CLANG_WARN_EMPTY_BODY = YES;
				CLANG_WARN_ENUM_CONVERSION = YES;
				CLANG_WARN_INFINITE_RECURSION = YES;
				CLANG_WARN_INT_CONVERSION = YES;
				CLANG_WARN_NON_LITERAL_NULL_CONVERSION = YES;
				CLANG_WARN_OBJC_IMPLICIT_RETAIN_SELF = YES;
				CLANG_WARN_OBJC_LITERAL_CONVERSION = YES;
				CLANG_WARN_OBJC_ROOT_CLASS = YES_ERROR;
				CLANG_WARN_QUOTED_INCLUDE_IN_FRAMEWORK_HEADER = YES;
				CLANG_WARN_RANGE_LOOP_ANALYSIS = YES;
				CLANG_WARN_STRICT_PROTOTYPES = YES;
				CLANG_WARN_SUSPICIOUS_MOVE = YES;
				CLANG_WARN_UNGUARDED_AVAILABILITY = YES_AGGRESSIVE;
				CLANG_WARN_UNREACHABLE_CODE = YES;
				CLANG_WARN__DUPLICATE_METHOD_MATCH = YES;
				COPY_PHASE_STRIP = NO;
				DEBUG_INFORMATION_FORMAT = dwarf;
				ENABLE_STRICT_OBJC_MSGSEND = YES;
				ENABLE_TESTABILITY = YES;
				GCC_C_LANGUAGE_STANDARD = gnu11;
				GCC_DYNAMIC_NO_PIC = NO;
				GCC_NO_COMMON_BLOCKS = YES;
				GCC_OPTIMIZATION_LEVEL = 0;
				GCC_PREPROCESSOR_DEFINITIONS = (
					"DEBUG=1",
					"$(inherited)",
				);
				GCC_WARN_64_TO_32_BIT_CONVERSION = YES;
				GCC_WARN_ABOUT_RETURN_TYPE = YES_ERROR;
				GCC_WARN_UNDECLARED_SELECTOR = YES;
				GCC_WARN_UNINITIALIZED_AUTOS = YES_AGGRESSIVE;
				GCC_WARN_UNUSED_FUNCTION = YES;
				GCC_WARN_UNUSED_VARIABLE = YES;
				IPHONEOS_DEPLOYMENT_TARGET = 15.0;
				MTL_ENABLE_DEBUG_INFO = INCLUDE_SOURCE;
				MTL_FAST_MATH = YES;
				ONLY_ACTIVE_ARCH = YES;
				SDKROOT = iphoneos;
				SWIFT_ACTIVE_COMPILATION_CONDITIONS = DEBUG;
				SWIFT_OPTIMIZATION_LEVEL = "-Onone";
			};
			name = Debug;
		};
		A1B2C3D4E5F678A3 /* Release */ = {
			isa = XCBuildConfiguration;
			buildSettings = {
				ALWAYS_SEARCH_USER_PATHS = NO;
				CLANG_ANALYZER_NONNULL = YES;
				CLANG_ANALYZER_NUMBER_OBJECT_CONVERSION = YES_AGGRESSIVE;
				CLANG_CXX_LANGUAGE_STANDARD = "gnu++20";
				CLANG_ENABLE_MODULES = YES;
				CLANG_ENABLE_OBJC_ARC = YES;
				CLANG_ENABLE_OBJC_WEAK = YES;
				CLANG_WARN_BLOCK_CAPTURE_AUTORELEASING = YES;
				CLANG_WARN_BOOL_CONVERSION = YES;
				CLANG_WARN_COMMA = YES;
				CLANG_WARN_CONSTANT_CONVERSION = YES;
				CLANG_WARN_DEPRECATED_OBJC_IMPLEMENTATIONS = YES;
				CLANG_WARN_DIRECT_OBJC_ISA_USAGE = YES_ERROR;
				CLANG_WARN_DOCUMENTATION_COMMENTS = YES;
				CLANG_WARN_EMPTY_BODY = YES;
				CLANG_WARN_ENUM_CONVERSION = YES;
				CLANG_WARN_INFINITE_RECURSION = YES;
				CLANG_WARN_INT_CONVERSION = YES;
				CLANG_WARN_NON_LITERAL_NULL_CONVERSION = YES;
				CLANG_WARN_OBJC_IMPLICIT_RETAIN_SELF = YES;
				CLANG_WARN_OBJC_LITERAL_CONVERSION = YES;
				CLANG_WARN_OBJC_ROOT_CLASS = YES_ERROR;
				CLANG_WARN_QUOTED_INCLUDE_IN_FRAMEWORK_HEADER = YES;
				CLANG_WARN_RANGE_LOOP_ANALYSIS = YES;
				CLANG_WARN_STRICT_PROTOTYPES = YES;
				CLANG_WARN_SUSPICIOUS_MOVE = YES;
				CLANG_WARN_UNGUARDED_AVAILABILITY = YES_AGGRESSIVE;
				CLANG_WARN_UNREACHABLE_CODE = YES;
				CLANG_WARN__DUPLICATE_METHOD_MATCH = YES;
				COPY_PHASE_STRIP = NO;
				DEBUG_INFORMATION_FORMAT = "dwarf-with-dsym";
				ENABLE_NS_ASSERTIONS = NO;
				ENABLE_STRICT_OBJC_MSGSEND = YES;
				GCC_C_LANGUAGE_STANDARD = gnu11;
				GCC_NO_COMMON_BLOCKS = YES;
				GCC_WARN_64_TO_32_BIT_CONVERSION = YES;
				GCC_WARN_ABOUT_RETURN_TYPE = YES_ERROR;
				GCC_WARN_UNDECLARED_SELECTOR = YES;
				GCC_WARN_UNINITIALIZED_AUTOS = YES_AGGRESSIVE;
				GCC_WARN_UNUSED_FUNCTION = YES;
				GCC_WARN_UNUSED_VARIABLE = YES;
				IPHONEOS_DEPLOYMENT_TARGET = 15.0;
				MTL_ENABLE_DEBUG_INFO = NO;
				MTL_FAST_MATH = YES;
				SDKROOT = iphoneos;
				SWIFT_COMPILATION_MODE = wholemodule;
				SWIFT_OPTIMIZATION_LEVEL = "-O";
				VALIDATE_PRODUCT = YES;
			};
			name = Release;
		};
		A1B2C3D4E5F678A4 /* Debug */ = {
			isa = XCBuildConfiguration;
			buildSettings = {
				ASSETCATALOG_COMPILER_APPICON_NAME = AppIcon;
				ASSETCATALOG_COMPILER_GLOBAL_ACCENT_COLOR_NAME = AccentColor;
				CODE_SIGN_STYLE = Automatic;
				CURRENT_PROJECT_VERSION = 1;
				DEVELOPMENT_ASSET_PATHS = "\"VoiceBoard/Preview Content\"";
				DEVELOPMENT_TEAM = "";
				ENABLE_PREVIEWS = YES;
				GENERATE_INFOPLIST_FILE = YES;
				INFOPLIST_FILE = VoiceBoard/Info.plist;
				INFOPLIST_KEY_NSMicrophoneUsageDescription = "VoiceBoard needs microphone access to record voice for transcription.";
				INFOPLIST_KEY_UIApplicationSceneManifest_Generation = YES;
				INFOPLIST_KEY_UIApplicationSupportsIndirectInputEvents = YES;
				INFOPLIST_KEY_UILaunchScreen_Generation = YES;
				INFOPLIST_KEY_UISupportedInterfaceOrientations_iPad = "UIInterfaceOrientationPortrait UIInterfaceOrientationPortraitUpsideDown UIInterfaceOrientationLandscapeLeft UIInterfaceOrientationLandscapeRight";
				INFOPLIST_KEY_UISupportedInterfaceOrientations_iPhone = "UIInterfaceOrientationPortrait UIInterfaceOrientationLandscapeLeft UIInterfaceOrientationLandscapeRight";
				LD_RUNPATH_SEARCH_PATHS = (
					"$(inherited)",
					"@executable_path/Frameworks",
				);
				MARKETING_VERSION = 1.0;
				PRODUCT_BUNDLE_IDENTIFIER = com.voiceboard.app;
				PRODUCT_NAME = "$(TARGET_NAME)";
				SWIFT_EMIT_LOC_STRINGS = YES;
				SWIFT_VERSION = 5.0;
				TARGETED_DEVICE_FAMILY = "1,2";
			};
			name = Debug;
		};
		A1B2C3D4E5F678A5 /* Release */ = {
			isa = XCBuildConfiguration;
			buildSettings = {
				ASSETCATALOG_COMPILER_APPICON_NAME = AppIcon;
				ASSETCATALOG_COMPILER_GLOBAL_ACCENT_COLOR_NAME = AccentColor;
				CODE_SIGN_STYLE = Automatic;
				CURRENT_PROJECT_VERSION = 1;
				DEVELOPMENT_ASSET_PATHS = "\"VoiceBoard/Preview Content\"";
				DEVELOPMENT_TEAM = "";
				ENABLE_PREVIEWS = YES;
				GENERATE_INFOPLIST_FILE = YES;
				INFOPLIST_FILE = VoiceBoard/Info.plist;
				INFOPLIST_KEY_NSMicrophoneUsageDescription = "VoiceBoard needs microphone access to record voice for transcription.";
				INFOPLIST_KEY_UIApplicationSceneManifest_Generation = YES;
				INFOPLIST_KEY_UIApplicationSupportsIndirectInputEvents = YES;
				INFOPLIST_KEY_UILaunchScreen_Generation = YES;
				INFOPLIST_KEY_UISupportedInterfaceOrientations_iPad = "UIInterfaceOrientationPortrait UIInterfaceOrientationPortraitUpsideDown UIInterfaceOrientationLandscapeLeft UIInterfaceOrientationLandscapeRight";
				INFOPLIST_KEY_UISupportedInterfaceOrientations_iPhone = "UIInterfaceOrientationPortrait UIInterfaceOrientationLandscapeLeft UIInterfaceOrientationLandscapeRight";
				LD_RUNPATH_SEARCH_PATHS = (
					"$(inherited)",
					"@executable_path/Frameworks",
				);
				MARKETING_VERSION = 1.0;
				PRODUCT_BUNDLE_IDENTIFIER = com.voiceboard.app;
				PRODUCT_NAME = "$(TARGET_NAME)";
				SWIFT_EMIT_LOC_STRINGS = YES;
				SWIFT_VERSION = 5.0;
				TARGETED_DEVICE_FAMILY = "1,2";
			};
			name = Release;
		};
		B2C3D4E5F6789022 /* Debug */ = {
			isa = XCBuildConfiguration;
			buildSettings = {
				CODE_SIGN_STYLE = Automatic;
				CURRENT_PROJECT_VERSION = 1;
				DEVELOPMENT_TEAM = "";
				GENERATE_INFOPLIST_FILE = YES;
				INFOPLIST_FILE = VoiceBoardKeyboard/Info.plist;
				INFOPLIST_KEY_CFBundleDisplayName = VoiceBoardKeyboard;
				INFOPLIST_KEY_NSHumanReadableCopyright = "";
				LD_RUNPATH_SEARCH_PATHS = (
					"$(inherited)",
					"@executable_path/Frameworks",
					"@executable_path/../../Frameworks",
				);
				MARKETING_VERSION = 1.0;
				PRODUCT_BUNDLE_IDENTIFIER = com.voiceboard.app.keyboard;
				PRODUCT_NAME = "$(TARGET_NAME)";
				SKIP_INSTALL = YES;
				SWIFT_EMIT_LOC_STRINGS = YES;
				SWIFT_VERSION = 5.0;
				TARGETED_DEVICE_FAMILY = "1,2";
			};
			name = Debug;
		};
		B2C3D4E5F6789023 /* Release */ = {
			isa = XCBuildConfiguration;
			buildSettings = {
				CODE_SIGN_STYLE = Automatic;
				CURRENT_PROJECT_VERSION = 1;
				DEVELOPMENT_TEAM = "";
				GENERATE_INFOPLIST_FILE = YES;
				INFOPLIST_FILE = VoiceBoardKeyboard/Info.plist;
				INFOPLIST_KEY_CFBundleDisplayName = VoiceBoardKeyboard;
				INFOPLIST_KEY_NSHumanReadableCopyright = "";
				LD_RUNPATH_SEARCH_PATHS = (
					"$(inherited)",
					"@executable_path/Frameworks",
					"@executable_path/../../Frameworks",
				);
				MARKETING_VERSION = 1.0;
				PRODUCT_BUNDLE_IDENTIFIER = com.voiceboard.app.keyboard;
				PRODUCT_NAME = "$(TARGET_NAME)";
				SKIP_INSTALL = YES;
				SWIFT_EMIT_LOC_STRINGS = YES;
				SWIFT_VERSION = 5.0;
				TARGETED_DEVICE_FAMILY = "1,2";
			};
			name = Release;
		};
/* End XCBuildConfiguration section */

/* Begin XCConfigurationList section */
		A1B2C3D4E5F67896 /* Build configuration list for PBXProject "VoiceBoard" */ = {
			isa = XCConfigurationList;
			buildConfigurations = (
				A1B2C3D4E5F678A2 /* Debug */,
				A1B2C3D4E5F678A3 /* Release */,
			);
			defaultConfigurationIsVisible = 0;
			defaultConfigurationName = Release;
		};
		A1B2C3D4E5F678A0 /* Build configuration list for PBXNativeTarget "VoiceBoard" */ = {
			isa = XCConfigurationList;
			buildConfigurations = (
				A1B2C3D4E5F678A4 /* Debug */,
				A1B2C3D4E5F678A5 /* Release */,
			);
			defaultConfigurationIsVisible = 0;
			defaultConfigurationName = Release;
		};
		B2C3D4E5F678901F /* Build configuration list for PBXNativeTarget "VoiceBoardKeyboard" */ = {
			isa = XCConfigurationList;
			buildConfigurations = (
				B2C3D4E5F6789022 /* Debug */,
				B2C3D4E5F6789023 /* Release */,
			);
			defaultConfigurationIsVisible = 0;
			defaultConfigurationName = Release;
		};
/* End XCConfigurationList section */
	};
	rootObject = A1B2C3D4E5F67892 /* Project object */;
}
